Microsoft Visual Studio Solution File, Format Version 12.00
# Visual Studio Version 17
VisualStudioVersion = 17.5.2.0
MinimumVisualStudioVersion = 10.0.40219.1
Project("{2150E333-8FDC-42A3-9474-1A3956D46DE8}") = "Library", "Library", "{50A17DA1-3556-4046-CEDC-33EB466D9C32}"
EndProject
Project("{2150E333-8FDC-42A3-9474-1A3956D46DE8}") = "PackageCache", "PackageCache", "{C5C0596F-4AD5-7F56-9391-3083F761A456}"
EndProject
Project("{2150E333-8FDC-42A3-9474-1A3956D46DE8}") = "com.unity.services.leaderboards@43cb0b25a6c6", "com.unity.services.leaderboards@43cb0b25a6c6", "{4B45C7B9-783B-1220-72EA-0911CC74A2B1}"
EndProject
Project("{2150E333-8FDC-42A3-9474-1A3956D46DE8}") = "NuGet~", "NuGet~", "{BC9720D9-5A0B-8E25-7102-BF428010140A}"
EndProject
Project("{FAE04EC0-301F-11D3-BF4B-00C04F79EFBC}") = "Unity.Services.Leaderboards.Authoring.Editor.Core", "Library\PackageCache\com.unity.services.leaderboards@43cb0b25a6c6\NuGet~\Unity.Services.Leaderboards.Authoring.Editor.Core.csproj", "{412207D2-8321-33A0-A9A5-5B0D2B438182}"
EndProject
Global
	GlobalSection(SolutionConfigurationPlatforms) = preSolution
		Debug|Any CPU = Debug|Any CPU
		Release|Any CPU = Release|Any CPU
	EndGlobalSection
	GlobalSection(ProjectConfigurationPlatforms) = postSolution
		{412207D2-8321-33A0-A9A5-5B0D2B438182}.Debug|Any CPU.ActiveCfg = Debug|Any CPU
		{412207D2-8321-33A0-A9A5-5B0D2B438182}.Debug|Any CPU.Build.0 = Debug|Any CPU
		{412207D2-8321-33A0-A9A5-5B0D2B438182}.Release|Any CPU.ActiveCfg = Release|Any CPU
		{412207D2-8321-33A0-A9A5-5B0D2B438182}.Release|Any CPU.Build.0 = Release|Any CPU
	EndGlobalSection
	GlobalSection(SolutionProperties) = preSolution
		HideSolutionNode = FALSE
	EndGlobalSection
	GlobalSection(NestedProjects) = preSolution
		{C5C0596F-4AD5-7F56-9391-3083F761A456} = {50A17DA1-3556-4046-CEDC-33EB466D9C32}
		{4B45C7B9-783B-1220-72EA-0911CC74A2B1} = {C5C0596F-4AD5-7F56-9391-3083F761A456}
		{BC9720D9-5A0B-8E25-7102-BF428010140A} = {4B45C7B9-783B-1220-72EA-0911CC74A2B1}
		{412207D2-8321-33A0-A9A5-5B0D2B438182} = {BC9720D9-5A0B-8E25-7102-BF428010140A}
	EndGlobalSection
	GlobalSection(ExtensibilityGlobals) = postSolution
		SolutionGuid = {B7157267-473F-4D11-B48A-2299DA0B55F7}
	EndGlobalSection
EndGlobal
